
Microsoft Visual Studio Solution File, Format Version 12.00
# Visual Studio Version 16
VisualStudioVersion = 16.0.30517.126
MinimumVisualStudioVersion = 10.0.40219.1
Project("{FAE04EC0-301F-11D3-BF4B-00C04F79EFBC}") = "WebApplication1", "WebApplication1\WebApplication1.csproj", "{57FE8786-A935-48FE-9CB0-B90C18C4E85B}"
EndProject
Global
	GlobalSection(SolutionConfigurationPlatforms) = preSolution
		Debug|Any CPU = Debug|Any CPU
		Release|Any CPU = Release|Any CPU
	EndGlobalSection
	GlobalSection(ProjectConfigurationPlatforms) = postSolution
		{57FE8786-A935-48FE-9CB0-B90C18C4E85B}.Debug|Any CPU.ActiveCfg = Debug|Any CPU
		{57FE8786-A935-48FE-9CB0-B90C18C4E85B}.Debug|Any CPU.Build.0 = Debug|Any CPU
		{57FE8786-A935-48FE-9CB0-B90C18C4E85B}.Release|Any CPU.ActiveCfg = Release|Any CPU
		{57FE8786-A935-48FE-9CB0-B90C18C4E85B}.Release|Any CPU.Build.0 = Release|Any CPU
	EndGlobalSection
	GlobalSection(SolutionProperties) = preSolution
		HideSolutionNode = FALSE
	EndGlobalSection
	GlobalSection(ExtensibilityGlobals) = postSolution
		SolutionGuid = {274A79F9-5559-466E-8CAC-84B050B60F65}
	EndGlobalSection
EndGlobal
